
Microsoft Visual Studio Solution File, Format Version 12.00
# Visual Studio 15
VisualStudioVersion = 15.0.27130.2036
MinimumVisualStudioVersion = 10.0.40219.1
Project("{FAE04EC0-301F-11D3-BF4B-00C04F79EFBC}") = "Pedal.Models", "Pedal.Models\Pedal.Models.csproj", "{491AA5A1-320B-4848-A5C4-C859F9C58604}"
EndProject
Project("{FAE04EC0-301F-11D3-BF4B-00C04F79EFBC}") = "Pedal.Infrastructure", "Pedal.Infrastructure\Pedal.Infrastructure.csproj", "{01D2F499-BA17-4B94-A414-36B9CF65543F}"
EndProject
Project("{2150E333-8FDC-42A3-9474-1A3956D46DE8}") = "Data", "Data", "{2ED359F4-636D-4481-8BE6-BADAF0EB8419}"
EndProject
Project("{FAE04EC0-301F-11D3-BF4B-00C04F79EFBC}") = "Pedal.Data", "Pedal.Data\Pedal.Data.csproj", "{46533640-C8EE-4B18-B896-D2A846342636}"
EndProject
Project("{FAE04EC0-301F-11D3-BF4B-00C04F79EFBC}") = "Pedal.Repositories", "Pedal.Repositories\Pedal.Repositories.csproj", "{4FF48080-C176-48EC-8EF4-B7EBF633E09F}"
EndProject
Project("{FAE04EC0-301F-11D3-BF4B-00C04F79EFBC}") = "Pedal.Repositories.Interfaces", "Pedal.Repositories.Interfaces\Pedal.Repositories.Interfaces.csproj", "{6A4AC60E-32F5-4BD1-BA1B-3FBCB18E42EA}"
EndProject
Project("{FAE04EC0-301F-11D3-BF4B-00C04F79EFBC}") = "Pedal.Services", "Pedal.Services\Pedal.Services.csproj", "{177EF2FE-4F70-4EDC-B539-2217254ED378}"
EndProject
Global
	GlobalSection(SolutionConfigurationPlatforms) = preSolution
		Debug|Any CPU = Debug|Any CPU
		Release|Any CPU = Release|Any CPU
	EndGlobalSection
	GlobalSection(ProjectConfigurationPlatforms) = postSolution
		{491AA5A1-320B-4848-A5C4-C859F9C58604}.Debug|Any CPU.ActiveCfg = Debug|Any CPU
		{491AA5A1-320B-4848-A5C4-C859F9C58604}.Debug|Any CPU.Build.0 = Debug|Any CPU
		{491AA5A1-320B-4848-A5C4-C859F9C58604}.Release|Any CPU.ActiveCfg = Release|Any CPU
		{491AA5A1-320B-4848-A5C4-C859F9C58604}.Release|Any CPU.Build.0 = Release|Any CPU
		{01D2F499-BA17-4B94-A414-36B9CF65543F}.Debug|Any CPU.ActiveCfg = Debug|Any CPU
		{01D2F499-BA17-4B94-A414-36B9CF65543F}.Debug|Any CPU.Build.0 = Debug|Any CPU
		{01D2F499-BA17-4B94-A414-36B9CF65543F}.Release|Any CPU.ActiveCfg = Release|Any CPU
		{01D2F499-BA17-4B94-A414-36B9CF65543F}.Release|Any CPU.Build.0 = Release|Any CPU
		{46533640-C8EE-4B18-B896-D2A846342636}.Debug|Any CPU.ActiveCfg = Debug|Any CPU
		{46533640-C8EE-4B18-B896-D2A846342636}.Debug|Any CPU.Build.0 = Debug|Any CPU
		{46533640-C8EE-4B18-B896-D2A846342636}.Release|Any CPU.ActiveCfg = Release|Any CPU
		{46533640-C8EE-4B18-B896-D2A846342636}.Release|Any CPU.Build.0 = Release|Any CPU
		{4FF48080-C176-48EC-8EF4-B7EBF633E09F}.Debug|Any CPU.ActiveCfg = Debug|Any CPU
		{4FF48080-C176-48EC-8EF4-B7EBF633E09F}.Debug|Any CPU.Build.0 = Debug|Any CPU
		{4FF48080-C176-48EC-8EF4-B7EBF633E09F}.Release|Any CPU.ActiveCfg = Release|Any CPU
		{4FF48080-C176-48EC-8EF4-B7EBF633E09F}.Release|Any CPU.Build.0 = Release|Any CPU
		{6A4AC60E-32F5-4BD1-BA1B-3FBCB18E42EA}.Debug|Any CPU.ActiveCfg = Debug|Any CPU
		{6A4AC60E-32F5-4BD1-BA1B-3FBCB18E42EA}.Debug|Any CPU.Build.0 = Debug|Any CPU
		{6A4AC60E-32F5-4BD1-BA1B-3FBCB18E42EA}.Release|Any CPU.ActiveCfg = Release|Any CPU
		{6A4AC60E-32F5-4BD1-BA1B-3FBCB18E42EA}.Release|Any CPU.Build.0 = Release|Any CPU
		{177EF2FE-4F70-4EDC-B539-2217254ED378}.Debug|Any CPU.ActiveCfg = Debug|Any CPU
		{177EF2FE-4F70-4EDC-B539-2217254ED378}.Debug|Any CPU.Build.0 = Debug|Any CPU
		{177EF2FE-4F70-4EDC-B539-2217254ED378}.Release|Any CPU.ActiveCfg = Release|Any CPU
		{177EF2FE-4F70-4EDC-B539-2217254ED378}.Release|Any CPU.Build.0 = Release|Any CPU
	EndGlobalSection
	GlobalSection(SolutionProperties) = preSolution
		HideSolutionNode = FALSE
	EndGlobalSection
	GlobalSection(NestedProjects) = preSolution
		{46533640-C8EE-4B18-B896-D2A846342636} = {2ED359F4-636D-4481-8BE6-BADAF0EB8419}
		{4FF48080-C176-48EC-8EF4-B7EBF633E09F} = {2ED359F4-636D-4481-8BE6-BADAF0EB8419}
		{6A4AC60E-32F5-4BD1-BA1B-3FBCB18E42EA} = {2ED359F4-636D-4481-8BE6-BADAF0EB8419}
	EndGlobalSection
	GlobalSection(ExtensibilityGlobals) = postSolution
		SolutionGuid = {A752EE2B-021A-4170-87C1-2204A2B05BE6}
	EndGlobalSection
EndGlobal
